// !$*UTF8*$!
{
	archiveVersion = 1;
	classes = {
	};
	objectVersion = 46;
	objects = {

/* Begin PBXBuildFile section */
		BA2305DF1DFA1C6B00802E7C /* AppDelegate.swift in Sources */ = {isa = PBXBuildFile; fileRef = BA2305DE1DFA1C6B00802E7C /* AppDelegate.swift */; };
		BA2305E11DFA1C6B00802E7C /* ViewController.swift in Sources */ = {isa = PBXBuildFile; fileRef = BA2305E01DFA1C6B00802E7C /* ViewController.swift */; };
		BA2305E41DFA1C6B00802E7C /* Main.storyboard in Resources */ = {isa = PBXBuildFile; fileRef = BA2305E21DFA1C6B00802E7C /* Main.storyboard */; };
		BA2305E61DFA1C6B00802E7C /* Assets.xcassets in Resources */ = {isa = PBXBuildFile; fileRef = BA2305E51DFA1C6B00802E7C /* Assets.xcassets */; };
		BA2305E91DFA1C6B00802E7C /* LaunchScreen.storyboard in Resources */ = {isa = PBXBuildFile; fileRef = BA2305E71DFA1C6B00802E7C /* LaunchScreen.storyboard */; };
/* End PBXBuildFile section */

/* Begin PBXFileReference section */
		BA2305DB1DFA1C6B00802E7C /* GradientBackground.app */ = {isa = PBXFileReference; explicitFileType = wrapper.application; includeInIndex = 0; path = GradientBackground.app; sourceTree = BUILT_PRODUCTS_DIR; };
		BA2305DE1DFA1C6B00802E7C /* AppDelegate.swift */ = {isa = PBXFileReference; lastKnownFileType = sourcecode.swift; path = AppDelegate.swift; sourceTree = "<group>"; };
		BA2305E01DFA1C6B00802E7C /* ViewController.swift */ = {isa = PBXFileReference; lastKnownFileType = sourcecode.swift; path = ViewController.swift; sourceTree = "<group>"; };
		BA2305E31DFA1C6B00802E7C /* Base */ = {isa = PBXFileReference; lastKnownFileType = file.storyboard; name = Base; path = Base.lproj/Main.storyboard; sourceTree = "<group>"; };
		BA2305E51DFA1C6B00802E7C /* Assets.xcassets */ = {isa = PBXFileReference; lastKnownFileType = folder.assetcatalog; path = Assets.xcassets; sourceTree = "<group>"; };
		BA2305E81DFA1C6B00802E7C /* Base */ = {isa = PBXFileReference; lastKnownFileType = file.storyboard; name = Base; path = Base.lproj/LaunchScreen.storyboard; sourceTree = "<group>"; };
		BA2305EA1DFA1C6B00802E7C /* Info.plist */ = {isa = PBXFileReference; lastKnownFileType = text.plist.xml; path = Info.plist; sourceTree = "<group>"; };
/* End PBXFileReference section */

/* Begin PBXFrameworksBuildPhase section */
		BA2305D81DFA1C6B00802E7C /* Frameworks */ = {
			isa = PBXFrameworksBuildPhase;
			buildActionMask = 2147483647;
			files = (
			);
			runOnlyForDeploymentPostprocessing = 0;
		};
/* End PBXFrameworksBuildPhase section */

/* Begin PBXGroup section */
		BA2305D21DFA1C6A00802E7C = {
			isa = PBXGroup;
			children = (
				BA2305DD1DFA1C6B00802E7C /* GradientBackground */,
				BA2305DC1DFA1C6B00802E7C /* Products */,
			);
			sourceTree = "<group>";
		};
		BA2305DC1DFA1C6B00802E7C /* Products */ = {
			isa = PBXGroup;
			children = (
				BA2305DB1DFA1C6B00802E7C /* GradientBackground.app */,
			);
			name = Products;
			sourceTree = "<group>";
		};
		BA2305DD1DFA1C6B00802E7C /* GradientBackground */ = {
			isa = PBXGroup;
			children = (
				BA2305DE1DFA1C6B00802E7C /* AppDelegate.swift */,
				BA2305E01DFA1C6B00802E7C /* ViewController.swift */,
				BA2305E21DFA1C6B00802E7C /* Main.storyboard */,
				BA2305E51DFA1C6B00802E7C /* Assets.xcassets */,
				BA2305E71DFA1C6B00802E7C /* LaunchScreen.storyboard */,
				BA2305EA1DFA1C6B00802E7C /* Info.plist */,
			);
			path = GradientBackground;
			sourceTree = "<group>";
		};
/* End PBXGroup section */

/* Begin PBXNativeTarget section */
		BA2305DA1DFA1C6B00802E7C /* GradientBackground */ = {
			isa = PBXNativeTarget;
			buildConfigurationList = BA2305ED1DFA1C6B00802E7C /* Build configuration list for PBXNativeTarget "GradientBackground" */;
			buildPhases = (
				BA2305D71DFA1C6B00802E7C /* Sources */,
				BA2305D81DFA1C6B00802E7C /* Frameworks */,
				BA2305D91DFA1C6B00802E7C /* Resources */,
			);
			buildRules = (
			);
			dependencies = (
			);
			name = GradientBackground;
			productName = GradientBackground;
			productReference = BA2305DB1DFA1C6B00802E7C /* GradientBackground.app */;
			productType = "com.apple.product-type.application";
		};
/* End PBXNativeTarget section */

/* Begin PBXProject section */
		BA2305D31DFA1C6B00802E7C /* Project object */ = {
			isa = PBXProject;
			attributes = {
				LastSwiftUpdateCheck = 0810;
				LastUpgradeCheck = 0810;
				ORGANIZATIONNAME = "Make School";
				TargetAttributes = {
					BA2305DA1DFA1C6B00802E7C = {
						CreatedOnToolsVersion = 8.1;
						DevelopmentTeam = D36AC3V592;
						ProvisioningStyle = Automatic;
					};
				};
			};
			buildConfigurationList = BA2305D61DFA1C6B00802E7C /* Build configuration list for PBXProject "GradientBackground" */;
			compatibilityVersion = "Xcode 3.2";
			developmentRegion = English;
			hasScannedForEncodings = 0;
			knownRegions = (
				en,
				Base,
			);
			mainGroup = BA2305D21DFA1C6A00802E7C;
			productRefGroup = BA2305DC1DFA1C6B00802E7C /* Products */;
			projectDirPath = "";
			projectRoot = "";
			targets = (
				BA2305DA1DFA1C6B00802E7C /* GradientBackground */,
			);
		};
/* End PBXProject section */

/* Begin PBXResourcesBuildPhase section */
		BA2305D91DFA1C6B00802E7C /* Resources */ = {
			isa = PBXResourcesBuildPhase;
			buildActionMask = 2147483647;
			files = (
				BA2305E91DFA1C6B00802E7C /* LaunchScreen.storyboard in Resources */,
				BA2305E61DFA1C6B00802E7C /* Assets.xcassets in Resources */,
				BA2305E41DFA1C6B00802E7C /* Main.storyboard in Resources */,
			);
			runOnlyForDeploymentPostprocessing = 0;
		};
/* End PBXResourcesBuildPhase section */

/* Begin PBXSourcesBuildPhase section */
		BA2305D71DFA1C6B00802E7C /* Sources */ = {
			isa = PBXSourcesBuildPhase;
			buildActionMask = 2147483647;
			files = (
				BA2305E11DFA1C6B00802E7C /* ViewController.swift in Sources */,
				BA2305DF1DFA1C6B00802E7C /* AppDelegate.swift in Sources */,
			);
			runOnlyForDeploymentPostprocessing = 0;
		};
/* End PBXSourcesBuildPhase section */

/* Begin PBXVariantGroup section */
		BA2305E21DFA1C6B00802E7C /* Main.storyboard */ = {
			isa = PBXVariantGroup;
			children = (
				BA2305E31DFA1C6B00802E7C /* Base */,
			);
			name = Main.storyboard;
			sourceTree = "<group>";
		};
		BA2305E71DFA1C6B00802E7C /* LaunchScreen.storyboard */ = {
			isa = PBXVariantGroup;
			children = (
				BA2305E81DFA1C6B00802E7C /* Base */,
			);
			name = LaunchScreen.storyboard;
			sourceTree = "<group>";
		};
/* End PBXVariantGroup section */

/* Begin XCBuildConfiguration section */
		BA2305EB1DFA1C6B00802E7C /* Debug */ = {
			isa = XCBuildConfiguration;
			buildSettings = {
				ALWAYS_SEARCH_USER_PATHS = NO;
				CLANG_ANALYZER_NONNULL = YES;
				CLANG_CXX_LANGUAGE_STANDARD = "gnu++0x";
				CLANG_CXX_LIBRARY = "libc++";
				CLANG_ENABLE_MODULES = YES;
				CLANG_ENABLE_OBJC_ARC = YES;
				CLANG_WARN_BOOL_CONVERSION = YES;
				CLANG_WARN_CONSTANT_CONVERSION = YES;
				CLANG_WARN_DIRECT_OBJC_ISA_USAGE = YES_ERROR;
				CLANG_WARN_DOCUMENTATION_COMMENTS = YES;
				CLANG_WARN_EMPTY_BODY = YES;
				CLANG_WARN_ENUM_CONVERSION = YES;
				CLANG_WARN_INFINITE_RECURSION = YES;
				CLANG_WARN_INT_CONVERSION = YES;
				CLANG_WARN_OBJC_ROOT_CLASS = YES_ERROR;
				CLANG_WARN_SUSPICIOUS_MOVES = YES;
				CLANG_WARN_UNREACHABLE_CODE = YES;
				CLANG_WARN__DUPLICATE_METHOD_MATCH = YES;
				"CODE_SIGN_IDENTITY[sdk=iphoneos*]" = "iPhone Developer";
				COPY_PHASE_STRIP = NO;
				DEBUG_INFORMATION_FORMAT = dwarf;
				ENABLE_STRICT_OBJC_MSGSEND = YES;
				ENABLE_TESTABILITY = YES;
				GCC_C_LANGUAGE_STANDARD = gnu99;
				GCC_DYNAMIC_NO_PIC = NO;
				GCC_NO_COMMON_BLOCKS = YES;
				GCC_OPTIMIZATION_LEVEL = 0;
				GCC_PREPROCESSOR_DEFINITIONS = (
					"DEBUG=1",
					"$(inherited)",
				);
				GCC_WARN_64_TO_32_BIT_CONVERSION = YES;
				GCC_WARN_ABOUT_RETURN_TYPE = YES_ERROR;
				GCC_WARN_UNDECLARED_SELECTOR = YES;
				GCC_WARN_UNINITIALIZED_AUTOS = YES_AGGRESSIVE;
				GCC_WARN_UNUSED_FUNCTION = YES;
				GCC_WARN_UNUSED_VARIABLE = YES;
				IPHONEOS_DEPLOYMENT_TARGET = 10.1;
				MTL_ENABLE_DEBUG_INFO = YES;
				ONLY_ACTIVE_ARCH = YES;
				SDKROOT = iphoneos;
				SWIFT_ACTIVE_COMPILATION_CONDITIONS = DEBUG;
				SWIFT_OPTIMIZATION_LEVEL = "-Onone";
			};
			name = Debug;
		};
		BA2305EC1DFA1C6B00802E7C /* Release */ = {
			isa = XCBuildConfiguration;
			buildSettings = {
				ALWAYS_SEARCH_USER_PATHS = NO;
				CLANG_ANALYZER_NONNULL = YES;
				CLANG_CXX_LANGUAGE_STANDARD = "gnu++0x";
				CLANG_CXX_LIBRARY = "libc++";
				CLANG_ENABLE_MODULES = YES;
				CLANG_ENABLE_OBJC_ARC = YES;
				CLANG_WARN_BOOL_CONVERSION = YES;
				CLANG_WARN_CONSTANT_CONVERSION = YES;
				CLANG_WARN_DIRECT_OBJC_ISA_USAGE = YES_ERROR;
				CLANG_WARN_DOCUMENTATION_COMMENTS = YES;
				CLANG_WARN_EMPTY_BODY = YES;
				CLANG_WARN_ENUM_CONVERSION = YES;
				CLANG_WARN_INFINITE_RECURSION = YES;
				CLANG_WARN_INT_CONVERSION = YES;
				CLANG_WARN_OBJC_ROOT_CLASS = YES_ERROR;
				CLANG_WARN_SUSPICIOUS_MOVES = YES;
				CLANG_WARN_UNREACHABLE_CODE = YES;
				CLANG_WARN__DUPLICATE_METHOD_MATCH = YES;
				"CODE_SIGN_IDENTITY[sdk=iphoneos*]" = "iPhone Developer";
				COPY_PHASE_STRIP = NO;
				DEBUG_INFORMATION_FORMAT = "dwarf-with-dsym";
				ENABLE_NS_ASSERTIONS = NO;
				ENABLE_STRICT_OBJC_MSGSEND = YES;
				GCC_C_LANGUAGE_STANDARD = gnu99;
				GCC_NO_COMMON_BLOCKS = YES;
				GCC_WARN_64_TO_32_BIT_CONVERSION = YES;
				GCC_WARN_ABOUT_RETURN_TYPE = YES_ERROR;
				GCC_WARN_UNDECLARED_SELECTOR = YES;
				GCC_WARN_UNINITIALIZED_AUTOS = YES_AGGRESSIVE;
				GCC_WARN_UNUSED_FUNCTION = YES;
				GCC_WARN_UNUSED_VARIABLE = YES;
				IPHONEOS_DEPLOYMENT_TARGET = 10.1;
				MTL_ENABLE_DEBUG_INFO = NO;
				SDKROOT = iphoneos;
				SWIFT_OPTIMIZATION_LEVEL = "-Owholemodule";
				VALIDATE_PRODUCT = YES;
			};
			name = Release;
		};
		BA2305EE1DFA1C6B00802E7C /* Debug */ = {
			isa = XCBuildConfiguration;
			buildSettings = {
				ASSETCATALOG_COMPILER_APPICON_NAME = AppIcon;
				DEVELOPMENT_TEAM = D36AC3V592;
				INFOPLIST_FILE = GradientBackground/Info.plist;
				LD_RUNPATH_SEARCH_PATHS = "$(inherited) @executable_path/Frameworks";
				PRODUCT_BUNDLE_IDENTIFIER = makeschool.com.GradientBackground;
				PRODUCT_NAME = "$(TARGET_NAME)";
				SWIFT_VERSION = 3.0;
			};
			name = Debug;
		};
		BA2305EF1DFA1C6B00802E7C /* Release */ = {
			isa = XCBuildConfiguration;
			buildSettings = {
				ASSETCATALOG_COMPILER_APPICON_NAME = AppIcon;
				DEVELOPMENT_TEAM = D36AC3V592;
				INFOPLIST_FILE = GradientBackground/Info.plist;
				LD_RUNPATH_SEARCH_PATHS = "$(inherited) @executable_path/Frameworks";
				PRODUCT_BUNDLE_IDENTIFIER = makeschool.com.GradientBackground;
				PRODUCT_NAME = "$(TARGET_NAME)";
				SWIFT_VERSION = 3.0;
			};
			name = Release;
		};
/* End XCBuildConfiguration section */

/* Begin XCConfigurationList section */
		BA2305D61DFA1C6B00802E7C /* Build configuration list for PBXProject "GradientBackground" */ = {
			isa = XCConfigurationList;
			buildConfigurations = (
				BA2305EB1DFA1C6B00802E7C /* Debug */,
				BA2305EC1DFA1C6B00802E7C /* Release */,
			);
			defaultConfigurationIsVisible = 0;
			defaultConfigurationName = Release;
		};
		BA2305ED1DFA1C6B00802E7C /* Build configuration list for PBXNativeTarget "GradientBackground" */ = {
			isa = XCConfigurationList;
			buildConfigurations = (
				BA2305EE1DFA1C6B00802E7C /* Debug */,
				BA2305EF1DFA1C6B00802E7C /* Release */,
			);
			defaultConfigurationIsVisible = 0;
		};
/* End XCConfigurationList section */
	};
	rootObject = BA2305D31DFA1C6B00802E7C /* Project object */;
}
